<Solution>
  <Folder Name="/src/">
    <Project Path="src/DeepMind.Core/DeepMind.Core.csproj" />
    <Project Path="src/DeepMind.Server/DeepMind.Server.csproj" />
    <Project Path="src/DeepMind.Web/DeepMind.Web.csproj" />
  </Folder>
  <Folder Name="/tests/">
    <Project Path="tests/DeepMind.Tests/DeepMind.Tests.csproj" />
  </Folder>
</Solution>
